Microsoft Visual Studio Solution File, Format Version 12.00
# Visual Studio Version 17
VisualStudioVersion = 17.5.2.0
MinimumVisualStudioVersion = 10.0.40219.1
Project("{FAE04EC0-301F-11D3-BF4B-00C04F79EFBC}") = "AIDocSummarizer", "AIDocSummarizer\AIDocSummarizer.csproj", "{5F8E2BE1-0276-4D62-87AE-EC4F41AC175D}"
EndProject
Project("{FAE04EC0-301F-11D3-BF4B-00C04F79EFBC}") = "AIDocSummarizer.Tests", "AIDocSummarizer.Tests\AIDocSummarizer.Tests.csproj", "{AA3AA0A0-5D6C-42B2-82DE-287D6BFE785A}"
EndProject
Global
	GlobalSection(SolutionConfigurationPlatforms) = preSolution
		Debug|Any CPU = Debug|Any CPU
		Release|Any CPU = Release|Any CPU
	EndGlobalSection
	GlobalSection(ProjectConfigurationPlatforms) = postSolution
		{5F8E2BE1-0276-4D62-87AE-EC4F41AC175D}.Debug|Any CPU.ActiveCfg = Debug|Any CPU
		{5F8E2BE1-0276-4D62-87AE-EC4F41AC175D}.Debug|Any CPU.Build.0 = Debug|Any CPU
		{5F8E2BE1-0276-4D62-87AE-EC4F41AC175D}.Release|Any CPU.ActiveCfg = Release|Any CPU
		{5F8E2BE1-0276-4D62-87AE-EC4F41AC175D}.Release|Any CPU.Build.0 = Release|Any CPU
		{AA3AA0A0-5D6C-42B2-82DE-287D6BFE785A}.Debug|Any CPU.ActiveCfg = Debug|Any CPU
		{AA3AA0A0-5D6C-42B2-82DE-287D6BFE785A}.Debug|Any CPU.Build.0 = Debug|Any CPU
		{AA3AA0A0-5D6C-42B2-82DE-287D6BFE785A}.Release|Any CPU.ActiveCfg = Release|Any CPU
		{AA3AA0A0-5D6C-42B2-82DE-287D6BFE785A}.Release|Any CPU.Build.0 = Release|Any CPU
	EndGlobalSection
	GlobalSection(SolutionProperties) = preSolution
		HideSolutionNode = FALSE
	EndGlobalSection
	GlobalSection(ExtensibilityGlobals) = postSolution
		SolutionGuid = {0AF3EF13-51D5-4F6A-894A-87E0F2A13595}
	EndGlobalSection
EndGlobal
